
Microsoft Visual Studio Solution File, Format Version 12.00
# Visual Studio Version 16
VisualStudioVersion = 16.0.32126.315
MinimumVisualStudioVersion = 10.0.40219.1
Project("{FAE04EC0-301F-11D3-BF4B-00C04F79EFBC}") = "Avaliacao.Gama.Api", "Avaliacao.Gama.Api.csproj", "{88F0F180-8F85-48C7-BDE9-7A016D2395D7}"
EndProject
Project("{FAE04EC0-301F-11D3-BF4B-00C04F79EFBC}") = "Avaliacao.Gama.Models", "Avaliacao.Gama.Models\Avaliacao.Gama.Models.csproj", "{FE37687D-02C8-4155-9894-D3FAAB559936}"
EndProject
Global
	GlobalSection(SolutionConfigurationPlatforms) = preSolution
		Debug|Any CPU = Debug|Any CPU
		Release|Any CPU = Release|Any CPU
	EndGlobalSection
	GlobalSection(ProjectConfigurationPlatforms) = postSolution
		{88F0F180-8F85-48C7-BDE9-7A016D2395D7}.Debug|Any CPU.ActiveCfg = Debug|Any CPU
		{88F0F180-8F85-48C7-BDE9-7A016D2395D7}.Debug|Any CPU.Build.0 = Debug|Any CPU
		{88F0F180-8F85-48C7-BDE9-7A016D2395D7}.Release|Any CPU.ActiveCfg = Release|Any CPU
		{88F0F180-8F85-48C7-BDE9-7A016D2395D7}.Release|Any CPU.Build.0 = Release|Any CPU
		{FE37687D-02C8-4155-9894-D3FAAB559936}.Debug|Any CPU.ActiveCfg = Debug|Any CPU
		{FE37687D-02C8-4155-9894-D3FAAB559936}.Debug|Any CPU.Build.0 = Debug|Any CPU
		{FE37687D-02C8-4155-9894-D3FAAB559936}.Release|Any CPU.ActiveCfg = Release|Any CPU
		{FE37687D-02C8-4155-9894-D3FAAB559936}.Release|Any CPU.Build.0 = Release|Any CPU
	EndGlobalSection
	GlobalSection(SolutionProperties) = preSolution
		HideSolutionNode = FALSE
	EndGlobalSection
	GlobalSection(ExtensibilityGlobals) = postSolution
		SolutionGuid = {0DCE1BF5-9550-420E-9777-A9DC5E370AAD}
	EndGlobalSection
EndGlobal
